// !$*UTF8*$!
{
	archiveVersion = 1;
	classes = {
	};
	objectVersion = 50;
	objects = {

/* Begin PBXBuildFile section */
		A227734D2110DC9F007C03EE /* LogicController.swift in Sources */ = {isa = PBXBuildFile; fileRef = A227734B2110DC9E007C03EE /* LogicController.swift */; };
		A227734E2110DC9F007C03EE /* Renderer.swift in Sources */ = {isa = PBXBuildFile; fileRef = A227734C2110DC9E007C03EE /* Renderer.swift */; };
		A22773532110DCAC007C03EE /* Theming.swift in Sources */ = {isa = PBXBuildFile; fileRef = A22773502110DCAC007C03EE /* Theming.swift */; };
		A22773542110DCAC007C03EE /* AppThemeProvider.swift in Sources */ = {isa = PBXBuildFile; fileRef = A22773512110DCAC007C03EE /* AppThemeProvider.swift */; };
		A22773552110DCAC007C03EE /* AppTheme.swift in Sources */ = {isa = PBXBuildFile; fileRef = A22773522110DCAC007C03EE /* AppTheme.swift */; };
		A2CEC5732110D8EE00684926 /* AppDelegate.swift in Sources */ = {isa = PBXBuildFile; fileRef = A2CEC5722110D8EE00684926 /* AppDelegate.swift */; };
		A2CEC5752110D8EE00684926 /* ViewController.swift in Sources */ = {isa = PBXBuildFile; fileRef = A2CEC5742110D8EE00684926 /* ViewController.swift */; };
		A2CEC5782110D8EE00684926 /* Main.storyboard in Resources */ = {isa = PBXBuildFile; fileRef = A2CEC5762110D8EE00684926 /* Main.storyboard */; };
		A2CEC57B2110D8EE00684926 /* Bumblebees.xcdatamodeld in Sources */ = {isa = PBXBuildFile; fileRef = A2CEC5792110D8EE00684926 /* Bumblebees.xcdatamodeld */; };
		A2CEC57D2110D8EF00684926 /* Assets.xcassets in Resources */ = {isa = PBXBuildFile; fileRef = A2CEC57C2110D8EF00684926 /* Assets.xcassets */; };
		A2CEC5802110D8EF00684926 /* LaunchScreen.storyboard in Resources */ = {isa = PBXBuildFile; fileRef = A2CEC57E2110D8EF00684926 /* LaunchScreen.storyboard */; };
		D29AD87ED389EEFF6B38A130 /* Pods_Bumblebees.framework in Frameworks */ = {isa = PBXBuildFile; fileRef = 6113E72C2EB05DCF60137D68 /* Pods_Bumblebees.framework */; };
/* End PBXBuildFile section */

/* Begin PBXFileReference section */
		2E4BE2A735F5B1081AA4E149 /* Pods-Bumblebees.release.xcconfig */ = {isa = PBXFileReference; includeInIndex = 1; lastKnownFileType = text.xcconfig; name = "Pods-Bumblebees.release.xcconfig"; path = "Pods/Target Support Files/Pods-Bumblebees/Pods-Bumblebees.release.xcconfig"; sourceTree = "<group>"; };
		6113E72C2EB05DCF60137D68 /* Pods_Bumblebees.framework */ = {isa = PBXFileReference; explicitFileType = wrapper.framework; includeInIndex = 0; path = Pods_Bumblebees.framework; sourceTree = BUILT_PRODUCTS_DIR; };
		92F7FC4D1C280A7DBD2BE462 /* Pods-Bumblebees.debug.xcconfig */ = {isa = PBXFileReference; includeInIndex = 1; lastKnownFileType = text.xcconfig; name = "Pods-Bumblebees.debug.xcconfig"; path = "Pods/Target Support Files/Pods-Bumblebees/Pods-Bumblebees.debug.xcconfig"; sourceTree = "<group>"; };
		A227734B2110DC9E007C03EE /* LogicController.swift */ = {isa = PBXFileReference; fileEncoding = 4; lastKnownFileType = sourcecode.swift; path = LogicController.swift; sourceTree = "<group>"; };
		A227734C2110DC9E007C03EE /* Renderer.swift */ = {isa = PBXFileReference; fileEncoding = 4; lastKnownFileType = sourcecode.swift; path = Renderer.swift; sourceTree = "<group>"; };
		A22773502110DCAC007C03EE /* Theming.swift */ = {isa = PBXFileReference; fileEncoding = 4; lastKnownFileType = sourcecode.swift; path = Theming.swift; sourceTree = "<group>"; };
		A22773512110DCAC007C03EE /* AppThemeProvider.swift */ = {isa = PBXFileReference; fileEncoding = 4; lastKnownFileType = sourcecode.swift; path = AppThemeProvider.swift; sourceTree = "<group>"; };
		A22773522110DCAC007C03EE /* AppTheme.swift */ = {isa = PBXFileReference; fileEncoding = 4; lastKnownFileType = sourcecode.swift; path = AppTheme.swift; sourceTree = "<group>"; };
		A2CEC56F2110D8EE00684926 /* Bumblebees.app */ = {isa = PBXFileReference; explicitFileType = wrapper.application; includeInIndex = 0; path = Bumblebees.app; sourceTree = BUILT_PRODUCTS_DIR; };
		A2CEC5722110D8EE00684926 /* AppDelegate.swift */ = {isa = PBXFileReference; lastKnownFileType = sourcecode.swift; path = AppDelegate.swift; sourceTree = "<group>"; };
		A2CEC5742110D8EE00684926 /* ViewController.swift */ = {isa = PBXFileReference; lastKnownFileType = sourcecode.swift; path = ViewController.swift; sourceTree = "<group>"; };
		A2CEC5772110D8EE00684926 /* Base */ = {isa = PBXFileReference; lastKnownFileType = file.storyboard; name = Base; path = Base.lproj/Main.storyboard; sourceTree = "<group>"; };
		A2CEC57A2110D8EE00684926 /* Bumblebees.xcdatamodel */ = {isa = PBXFileReference; lastKnownFileType = wrapper.xcdatamodel; path = Bumblebees.xcdatamodel; sourceTree = "<group>"; };
		A2CEC57C2110D8EF00684926 /* Assets.xcassets */ = {isa = PBXFileReference; lastKnownFileType = folder.assetcatalog; path = Assets.xcassets; sourceTree = "<group>"; };
		A2CEC57F2110D8EF00684926 /* Base */ = {isa = PBXFileReference; lastKnownFileType = file.storyboard; name = Base; path = Base.lproj/LaunchScreen.storyboard; sourceTree = "<group>"; };
/* End PBXFileReference section */

/* Begin PBXFrameworksBuildPhase section */
		A2CEC56C2110D8EE00684926 /* Frameworks */ = {
			isa = PBXFrameworksBuildPhase;
			buildActionMask = 2147483647;
			files = (
				D29AD87ED389EEFF6B38A130 /* Pods_Bumblebees.framework in Frameworks */,
			);
			runOnlyForDeploymentPostprocessing = 0;
		};
/* End PBXFrameworksBuildPhase section */

/* Begin PBXGroup section */
		A227734A2110DC9E007C03EE /* Renderer and LogicController */ = {
			isa = PBXGroup;
			children = (
				A227734B2110DC9E007C03EE /* LogicController.swift */,
				A227734C2110DC9E007C03EE /* Renderer.swift */,
			);
			path = "Renderer and LogicController";
			sourceTree = "<group>";
		};
		A227734F2110DCAC007C03EE /* Theming */ = {
			isa = PBXGroup;
			children = (
				A22773502110DCAC007C03EE /* Theming.swift */,
				A22773512110DCAC007C03EE /* AppThemeProvider.swift */,
				A22773522110DCAC007C03EE /* AppTheme.swift */,
			);
			path = Theming;
			sourceTree = "<group>";
		};
		A2CEC5662110D8EE00684926 = {
			isa = PBXGroup;
			children = (
				A2CEC5712110D8EE00684926 /* Bumblebees */,
				A2CEC5702110D8EE00684926 /* Products */,
				EA2554A589686F108EDE4EC1 /* Pods */,
				A35208BB14D3A46F5FF27B19 /* Frameworks */,
			);
			sourceTree = "<group>";
		};
		A2CEC5702110D8EE00684926 /* Products */ = {
			isa = PBXGroup;
			children = (
				A2CEC56F2110D8EE00684926 /* Bumblebees.app */,
			);
			name = Products;
			sourceTree = "<group>";
		};
		A2CEC5712110D8EE00684926 /* Bumblebees */ = {
			isa = PBXGroup;
			children = (
				A227734A2110DC9E007C03EE /* Renderer and LogicController */,
				A227734F2110DCAC007C03EE /* Theming */,
				A2CEC5722110D8EE00684926 /* AppDelegate.swift */,
				A2CEC5742110D8EE00684926 /* ViewController.swift */,
				A2CEC5762110D8EE00684926 /* Main.storyboard */,
				A2CEC57C2110D8EF00684926 /* Assets.xcassets */,
				A2CEC57E2110D8EF00684926 /* LaunchScreen.storyboard */,
				A2CEC5792110D8EE00684926 /* Bumblebees.xcdatamodeld */,
			);
			path = Bumblebees;
			sourceTree = "<group>";
		};
		A35208BB14D3A46F5FF27B19 /* Frameworks */ = {
			isa = PBXGroup;
			children = (
				6113E72C2EB05DCF60137D68 /* Pods_Bumblebees.framework */,
			);
			name = Frameworks;
			sourceTree = "<group>";
		};
		EA2554A589686F108EDE4EC1 /* Pods */ = {
			isa = PBXGroup;
			children = (
				92F7FC4D1C280A7DBD2BE462 /* Pods-Bumblebees.debug.xcconfig */,
				2E4BE2A735F5B1081AA4E149 /* Pods-Bumblebees.release.xcconfig */,
			);
			name = Pods;
			sourceTree = "<group>";
		};
/* End PBXGroup section */

/* Begin PBXNativeTarget section */
		A2CEC56E2110D8EE00684926 /* Bumblebees */ = {
			isa = PBXNativeTarget;
			buildConfigurationList = A2CEC5842110D8EF00684926 /* Build configuration list for PBXNativeTarget "Bumblebees" */;
			buildPhases = (
				32A2EE178DF39D9278ECC191 /* [CP] Check Pods Manifest.lock */,
				A2CEC56B2110D8EE00684926 /* Sources */,
				A2CEC56C2110D8EE00684926 /* Frameworks */,
				A2CEC56D2110D8EE00684926 /* Resources */,
				44220EBBBB3A727EA3FB614C /* [CP] Embed Pods Frameworks */,
			);
			buildRules = (
			);
			dependencies = (
			);
			name = Bumblebees;
			productName = Bumblebees;
			productReference = A2CEC56F2110D8EE00684926 /* Bumblebees.app */;
			productType = "com.apple.product-type.application";
		};
/* End PBXNativeTarget section */

/* Begin PBXProject section */
		A2CEC5672110D8EE00684926 /* Project object */ = {
			isa = PBXProject;
			attributes = {
				LastSwiftUpdateCheck = 0940;
				LastUpgradeCheck = 0940;
				ORGANIZATIONNAME = "Oliver Schaff";
				TargetAttributes = {
					A2CEC56E2110D8EE00684926 = {
						CreatedOnToolsVersion = 9.4;
					};
				};
			};
			buildConfigurationList = A2CEC56A2110D8EE00684926 /* Build configuration list for PBXProject "Bumblebees" */;
			compatibilityVersion = "Xcode 9.3";
			developmentRegion = en;
			hasScannedForEncodings = 0;
			knownRegions = (
				en,
				Base,
			);
			mainGroup = A2CEC5662110D8EE00684926;
			productRefGroup = A2CEC5702110D8EE00684926 /* Products */;
			projectDirPath = "";
			projectRoot = "";
			targets = (
				A2CEC56E2110D8EE00684926 /* Bumblebees */,
			);
		};
/* End PBXProject section */

/* Begin PBXResourcesBuildPhase section */
		A2CEC56D2110D8EE00684926 /* Resources */ = {
			isa = PBXResourcesBuildPhase;
			buildActionMask = 2147483647;
			files = (
				A2CEC5802110D8EF00684926 /* LaunchScreen.storyboard in Resources */,
				A2CEC57D2110D8EF00684926 /* Assets.xcassets in Resources */,
				A2CEC5782110D8EE00684926 /* Main.storyboard in Resources */,
			);
			runOnlyForDeploymentPostprocessing = 0;
		};
/* End PBXResourcesBuildPhase section */

/* Begin PBXShellScriptBuildPhase section */
		32A2EE178DF39D9278ECC191 /* [CP] Check Pods Manifest.lock */ = {
			isa = PBXShellScriptBuildPhase;
			buildActionMask = 2147483647;
			files = (
			);
			inputPaths = (
				"${PODS_PODFILE_DIR_PATH}/Podfile.lock",
				"${PODS_ROOT}/Manifest.lock",
			);
			name = "[CP] Check Pods Manifest.lock";
			outputPaths = (
				"$(DERIVED_FILE_DIR)/Pods-Bumblebees-checkManifestLockResult.txt",
			);
			runOnlyForDeploymentPostprocessing = 0;
			shellPath = /bin/sh;
			shellScript = "diff \"${PODS_PODFILE_DIR_PATH}/Podfile.lock\" \"${PODS_ROOT}/Manifest.lock\" > /dev/null\nif [ $? != 0 ] ; then\n    # print error to STDERR\n    echo \"error: The sandbox is not in sync with the Podfile.lock. Run 'pod install' or update your CocoaPods installation.\" >&2\n    exit 1\nfi\n# This output is used by Xcode 'outputs' to avoid re-running this script phase.\necho \"SUCCESS\" > \"${SCRIPT_OUTPUT_FILE_0}\"\n";
			showEnvVarsInLog = 0;
		};
		44220EBBBB3A727EA3FB614C /* [CP] Embed Pods Frameworks */ = {
			isa = PBXShellScriptBuildPhase;
			buildActionMask = 2147483647;
			files = (
			);
			inputPaths = (
				"${SRCROOT}/Pods/Target Support Files/Pods-Bumblebees/Pods-Bumblebees-frameworks.sh",
				"${BUILT_PRODUCTS_DIR}/Realm/Realm.framework",
				"${BUILT_PRODUCTS_DIR}/RealmSwift/RealmSwift.framework",
			);
			name = "[CP] Embed Pods Frameworks";
			outputPaths = (
				"${TARGET_BUILD_DIR}/${FRAMEWORKS_FOLDER_PATH}/Realm.framework",
				"${TARGET_BUILD_DIR}/${FRAMEWORKS_FOLDER_PATH}/RealmSwift.framework",
			);
			runOnlyForDeploymentPostprocessing = 0;
			shellPath = /bin/sh;
			shellScript = "\"${SRCROOT}/Pods/Target Support Files/Pods-Bumblebees/Pods-Bumblebees-frameworks.sh\"\n";
			showEnvVarsInLog = 0;
		};
/* End PBXShellScriptBuildPhase section */

/* Begin PBXSourcesBuildPhase section */
		A2CEC56B2110D8EE00684926 /* Sources */ = {
			isa = PBXSourcesBuildPhase;
			buildActionMask = 2147483647;
			files = (
				A22773542110DCAC007C03EE /* AppThemeProvider.swift in Sources */,
				A2CEC57B2110D8EE00684926 /* Bumblebees.xcdatamodeld in Sources */,
				A2CEC5752110D8EE00684926 /* ViewController.swift in Sources */,
				A22773532110DCAC007C03EE /* Theming.swift in Sources */,
				A227734D2110DC9F007C03EE /* LogicController.swift in Sources */,
				A22773552110DCAC007C03EE /* AppTheme.swift in Sources */,
				A227734E2110DC9F007C03EE /* Renderer.swift in Sources */,
				A2CEC5732110D8EE00684926 /* AppDelegate.swift in Sources */,
			);
			runOnlyForDeploymentPostprocessing = 0;
		};
/* End PBXSourcesBuildPhase section */

/* Begin PBXVariantGroup section */
		A2CEC5762110D8EE00684926 /* Main.storyboard */ = {
			isa = PBXVariantGroup;
			children = (
				A2CEC5772110D8EE00684926 /* Base */,
			);
			name = Main.storyboard;
			sourceTree = "<group>";
		};
		A2CEC57E2110D8EF00684926 /* LaunchScreen.storyboard */ = {
			isa = PBXVariantGroup;
			children = (
				A2CEC57F2110D8EF00684926 /* Base */,
			);
			name = LaunchScreen.storyboard;
			sourceTree = "<group>";
		};
/* End PBXVariantGroup section */

/* Begin XCBuildConfiguration section */
		A2CEC5822110D8EF00684926 /* Debug */ = {
			isa = XCBuildConfiguration;
			buildSettings = {
				ALWAYS_SEARCH_USER_PATHS = NO;
				CLANG_ANALYZER_NONNULL = YES;
				CLANG_ANALYZER_NUMBER_OBJECT_CONVERSION = YES_AGGRESSIVE;
				CLANG_CXX_LANGUAGE_STANDARD = "gnu++14";
				CLANG_CXX_LIBRARY = "libc++";
				CLANG_ENABLE_MODULES = YES;
				CLANG_ENABLE_OBJC_ARC = YES;
				CLANG_ENABLE_OBJC_WEAK = YES;
				CLANG_WARN_BLOCK_CAPTURE_AUTORELEASING = YES;
				CLANG_WARN_BOOL_CONVERSION = YES;
				CLANG_WARN_COMMA = YES;
				CLANG_WARN_CONSTANT_CONVERSION = YES;
				CLANG_WARN_DEPRECATED_OBJC_IMPLEMENTATIONS = YES;
				CLANG_WARN_DIRECT_OBJC_ISA_USAGE = YES_ERROR;
				CLANG_WARN_DOCUMENTATION_COMMENTS = YES;
				CLANG_WARN_EMPTY_BODY = YES;
				CLANG_WARN_ENUM_CONVERSION = YES;
				CLANG_WARN_INFINITE_RECURSION = YES;
				CLANG_WARN_INT_CONVERSION = YES;
				CLANG_WARN_NON_LITERAL_NULL_CONVERSION = YES;
				CLANG_WARN_OBJC_IMPLICIT_RETAIN_SELF = YES;
				CLANG_WARN_OBJC_LITERAL_CONVERSION = YES;
				CLANG_WARN_OBJC_ROOT_CLASS = YES_ERROR;
				CLANG_WARN_RANGE_LOOP_ANALYSIS = YES;
				CLANG_WARN_STRICT_PROTOTYPES = YES;
				CLANG_WARN_SUSPICIOUS_MOVE = YES;
				CLANG_WARN_UNGUARDED_AVAILABILITY = YES_AGGRESSIVE;
				CLANG_WARN_UNREACHABLE_CODE = YES;
				CLANG_WARN__DUPLICATE_METHOD_MATCH = YES;
				CODE_SIGN_IDENTITY = "iPhone Developer";
				COPY_PHASE_STRIP = NO;
				DEBUG_INFORMATION_FORMAT = dwarf;
				ENABLE_STRICT_OBJC_MSGSEND = YES;
				ENABLE_TESTABILITY = YES;
				GCC_C_LANGUAGE_STANDARD = gnu11;
				GCC_DYNAMIC_NO_PIC = NO;
				GCC_NO_COMMON_BLOCKS = YES;
				GCC_OPTIMIZATION_LEVEL = 0;
				GCC_PREPROCESSOR_DEFINITIONS = (
					"DEBUG=1",
					"$(inherited)",
				);
				GCC_WARN_64_TO_32_BIT_CONVERSION = YES;
				GCC_WARN_ABOUT_RETURN_TYPE = YES_ERROR;
				GCC_WARN_UNDECLARED_SELECTOR = YES;
				GCC_WARN_UNINITIALIZED_AUTOS = YES_AGGRESSIVE;
				GCC_WARN_UNUSED_FUNCTION = YES;
				GCC_WARN_UNUSED_VARIABLE = YES;
				IPHONEOS_DEPLOYMENT_TARGET = 11.4;
				MTL_ENABLE_DEBUG_INFO = YES;
				ONLY_ACTIVE_ARCH = YES;
				SDKROOT = iphoneos;
				SWIFT_ACTIVE_COMPILATION_CONDITIONS = DEBUG;
				SWIFT_OPTIMIZATION_LEVEL = "-Onone";
			};
			name = Debug;
		};
		A2CEC5832110D8EF00684926 /* Release */ = {
			isa = XCBuildConfiguration;
			buildSettings = {
				ALWAYS_SEARCH_USER_PATHS = NO;
				CLANG_ANALYZER_NONNULL = YES;
				CLANG_ANALYZER_NUMBER_OBJECT_CONVERSION = YES_AGGRESSIVE;
				CLANG_CXX_LANGUAGE_STANDARD = "gnu++14";
				CLANG_CXX_LIBRARY = "libc++";
				CLANG_ENABLE_MODULES = YES;
				CLANG_ENABLE_OBJC_ARC = YES;
				CLANG_ENABLE_OBJC_WEAK = YES;
				CLANG_WARN_BLOCK_CAPTURE_AUTORELEASING = YES;
				CLANG_WARN_BOOL_CONVERSION = YES;
				CLANG_WARN_COMMA = YES;
				CLANG_WARN_CONSTANT_CONVERSION = YES;
				CLANG_WARN_DEPRECATED_OBJC_IMPLEMENTATIONS = YES;
				CLANG_WARN_DIRECT_OBJC_ISA_USAGE = YES_ERROR;
				CLANG_WARN_DOCUMENTATION_COMMENTS = YES;
				CLANG_WARN_EMPTY_BODY = YES;
				CLANG_WARN_ENUM_CONVERSION = YES;
				CLANG_WARN_INFINITE_RECURSION = YES;
				CLANG_WARN_INT_CONVERSION = YES;
				CLANG_WARN_NON_LITERAL_NULL_CONVERSION = YES;
				CLANG_WARN_OBJC_IMPLICIT_RETAIN_SELF = YES;
				CLANG_WARN_OBJC_LITERAL_CONVERSION = YES;
				CLANG_WARN_OBJC_ROOT_CLASS = YES_ERROR;
				CLANG_WARN_RANGE_LOOP_ANALYSIS = YES;
				CLANG_WARN_STRICT_PROTOTYPES = YES;
				CLANG_WARN_SUSPICIOUS_MOVE = YES;
				CLANG_WARN_UNGUARDED_AVAILABILITY = YES_AGGRESSIVE;
				CLANG_WARN_UNREACHABLE_CODE = YES;
				CLANG_WARN__DUPLICATE_METHOD_MATCH = YES;
				CODE_SIGN_IDENTITY = "iPhone Developer";
				COPY_PHASE_STRIP = NO;
				DEBUG_INFORMATION_FORMAT = "dwarf-with-dsym";
				ENABLE_NS_ASSERTIONS = NO;
				ENABLE_STRICT_OBJC_MSGSEND = YES;
				GCC_C_LANGUAGE_STANDARD = gnu11;
				GCC_NO_COMMON_BLOCKS = YES;
				GCC_WARN_64_TO_32_BIT_CONVERSION = YES;
				GCC_WARN_ABOUT_RETURN_TYPE = YES_ERROR;
				GCC_WARN_UNDECLARED_SELECTOR = YES;
				GCC_WARN_UNINITIALIZED_AUTOS = YES_AGGRESSIVE;
				GCC_WARN_UNUSED_FUNCTION = YES;
				GCC_WARN_UNUSED_VARIABLE = YES;
				IPHONEOS_DEPLOYMENT_TARGET = 11.4;
				MTL_ENABLE_DEBUG_INFO = NO;
				SDKROOT = iphoneos;
				SWIFT_COMPILATION_MODE = wholemodule;
				SWIFT_OPTIMIZATION_LEVEL = "-O";
				VALIDATE_PRODUCT = YES;
			};
			name = Release;
		};
		A2CEC5852110D8EF00684926 /* Debug */ = {
			isa = XCBuildConfiguration;
			baseConfigurationReference = 92F7FC4D1C280A7DBD2BE462 /* Pods-Bumblebees.debug.xcconfig */;
			buildSettings = {
				ASSETCATALOG_COMPILER_APPICON_NAME = AppIcon;
				CODE_SIGN_STYLE = Automatic;
				DEVELOPMENT_TEAM = 487Y8AH89Y;
				INFOPLIST_FILE = Bumblebees/Info.plist;
				LD_RUNPATH_SEARCH_PATHS = (
					"$(inherited)",
					"@executable_path/Frameworks",
				);
				PRODUCT_BUNDLE_IDENTIFIER = shaluluberlin.training.Bumblebees;
				PRODUCT_NAME = "$(TARGET_NAME)";
				SWIFT_VERSION = 4.0;
				TARGETED_DEVICE_FAMILY = "1,2";
			};
			name = Debug;
		};
		A2CEC5862110D8EF00684926 /* Release */ = {
			isa = XCBuildConfiguration;
			baseConfigurationReference = 2E4BE2A735F5B1081AA4E149 /* Pods-Bumblebees.release.xcconfig */;
			buildSettings = {
				ASSETCATALOG_COMPILER_APPICON_NAME = AppIcon;
				CODE_SIGN_STYLE = Automatic;
				DEVELOPMENT_TEAM = 487Y8AH89Y;
				INFOPLIST_FILE = Bumblebees/Info.plist;
				LD_RUNPATH_SEARCH_PATHS = (
					"$(inherited)",
					"@executable_path/Frameworks",
				);
				PRODUCT_BUNDLE_IDENTIFIER = shaluluberlin.training.Bumblebees;
				PRODUCT_NAME = "$(TARGET_NAME)";
				SWIFT_VERSION = 4.0;
				TARGETED_DEVICE_FAMILY = "1,2";
			};
			name = Release;
		};
/* End XCBuildConfiguration section */

/* Begin XCConfigurationList section */
		A2CEC56A2110D8EE00684926 /* Build configuration list for PBXProject "Bumblebees" */ = {
			isa = XCConfigurationList;
			buildConfigurations = (
				A2CEC5822110D8EF00684926 /* Debug */,
				A2CEC5832110D8EF00684926 /* Release */,
			);
			defaultConfigurationIsVisible = 0;
			defaultConfigurationName = Release;
		};
		A2CEC5842110D8EF00684926 /* Build configuration list for PBXNativeTarget "Bumblebees" */ = {
			isa = XCConfigurationList;
			buildConfigurations = (
				A2CEC5852110D8EF00684926 /* Debug */,
				A2CEC5862110D8EF00684926 /* Release */,
			);
			defaultConfigurationIsVisible = 0;
			defaultConfigurationName = Release;
		};
/* End XCConfigurationList section */

/* Begin XCVersionGroup section */
		A2CEC5792110D8EE00684926 /* Bumblebees.xcdatamodeld */ = {
			isa = XCVersionGroup;
			children = (
				A2CEC57A2110D8EE00684926 /* Bumblebees.xcdatamodel */,
			);
			currentVersion = A2CEC57A2110D8EE00684926 /* Bumblebees.xcdatamodel */;
			path = Bumblebees.xcdatamodeld;
			sourceTree = "<group>";
			versionGroupType = wrapper.xcdatamodel;
		};
/* End XCVersionGroup section */
	};
	rootObject = A2CEC5672110D8EE00684926 /* Project object */;
}
